
Microsoft Visual Studio Solution File, Format Version 12.00
# Visual Studio Version 17
VisualStudioVersion = 17.6.33829.357
MinimumVisualStudioVersion = 10.0.40219.1
Project("{FAE04EC0-301F-11D3-BF4B-00C04F79EFBC}") = "HamburgerSitesi.Business", "HamburgerSitesi.Business\HamburgerSitesi.Business.csproj", "{402370F9-37AF-49C8-9BBF-C14B2C486334}"
EndProject
Project("{FAE04EC0-301F-11D3-BF4B-00C04F79EFBC}") = "HamburgerSitesi.Data", "HamburgerSitesi.Data\HamburgerSitesi.Data.csproj", "{271CD10D-10AA-44AE-97B2-32FAAA1D1B0F}"
EndProject
Project("{FAE04EC0-301F-11D3-BF4B-00C04F79EFBC}") = "HamburgerSitesi.WebUI", "HamburgerSitesi.WebUI\HamburgerSitesi.WebUI.csproj", "{4371861B-24B0-41D7-BCE4-1ADF9D4150AD}"
EndProject
Global
	GlobalSection(SolutionConfigurationPlatforms) = preSolution
		Debug|Any CPU = Debug|Any CPU
		Release|Any CPU = Release|Any CPU
	EndGlobalSection
	GlobalSection(ProjectConfigurationPlatforms) = postSolution
		{402370F9-37AF-49C8-9BBF-C14B2C486334}.Debug|Any CPU.ActiveCfg = Debug|Any CPU
		{402370F9-37AF-49C8-9BBF-C14B2C486334}.Debug|Any CPU.Build.0 = Debug|Any CPU
		{402370F9-37AF-49C8-9BBF-C14B2C486334}.Release|Any CPU.ActiveCfg = Release|Any CPU
		{402370F9-37AF-49C8-9BBF-C14B2C486334}.Release|Any CPU.Build.0 = Release|Any CPU
		{271CD10D-10AA-44AE-97B2-32FAAA1D1B0F}.Debug|Any CPU.ActiveCfg = Debug|Any CPU
		{271CD10D-10AA-44AE-97B2-32FAAA1D1B0F}.Debug|Any CPU.Build.0 = Debug|Any CPU
		{271CD10D-10AA-44AE-97B2-32FAAA1D1B0F}.Release|Any CPU.ActiveCfg = Release|Any CPU
		{271CD10D-10AA-44AE-97B2-32FAAA1D1B0F}.Release|Any CPU.Build.0 = Release|Any CPU
		{4371861B-24B0-41D7-BCE4-1ADF9D4150AD}.Debug|Any CPU.ActiveCfg = Debug|Any CPU
		{4371861B-24B0-41D7-BCE4-1ADF9D4150AD}.Debug|Any CPU.Build.0 = Debug|Any CPU
		{4371861B-24B0-41D7-BCE4-1ADF9D4150AD}.Release|Any CPU.ActiveCfg = Release|Any CPU
		{4371861B-24B0-41D7-BCE4-1ADF9D4150AD}.Release|Any CPU.Build.0 = Release|Any CPU
	EndGlobalSection
	GlobalSection(SolutionProperties) = preSolution
		HideSolutionNode = FALSE
	EndGlobalSection
	GlobalSection(ExtensibilityGlobals) = postSolution
		SolutionGuid = {62FA0976-8536-461D-99B2-4302D1E27032}
	EndGlobalSection
EndGlobal
